{
  "version": 4,
  "terraform_version": "1.9.5",
  "serial": 6,
  "lineage": "6bf4efa0-b065-1703-1e32-37531f3beacd",
  "outputs": {},
  "resources": [
    {
      "module": "module.rds",
      "mode": "managed",
      "type": "aws_db_subnet_group",
      "name": "rds_subnet_group",
      "provider": "provider[\"registry.terraform.io/hashicorp/aws\"]",
      "instances": [
        {
          "schema_version": 0,
          "attributes": {
            "arn": "arn:aws:rds:us-east-2:637423220354:subgrp:dev-pet-clinic-subnet-group",
            "description": "Managed by Terraform",
            "id": "dev-pet-clinic-subnet-group",
            "name": "dev-pet-clinic-subnet-group",
            "name_prefix": "",
            "subnet_ids": [
              "subnet-072cf29d9dd6aa221",
              "subnet-0af9eedf7fdbebe3a",
              "subnet-0fbffa7b08499db30"
            ],
            "supported_network_types": [
              "IPV4"
            ],
            "tags": {},
            "tags_all": {},
            "vpc_id": "vpc-0eaa7a619670a1d8c"
          },
          "sensitive_attributes": [],
          "private": "bnVsbA=="
        }
      ]
    },
    {
      "module": "module.rds",
      "mode": "managed",
      "type": "aws_security_group",
      "name": "rds_security_group",
      "provider": "provider[\"registry.terraform.io/hashicorp/aws\"]",
      "instances": [
        {
          "schema_version": 1,
          "attributes": {
            "arn": "arn:aws:ec2:us-east-2:637423220354:security-group/sg-0d739cd1d5e6cda80",
            "description": "Security group for RDS instance",
            "egress": [
              {
                "cidr_blocks": [
                  "0.0.0.0/0"
                ],
                "description": "",
                "from_port": 0,
                "ipv6_cidr_blocks": [],
                "prefix_list_ids": [],
                "protocol": "-1",
                "security_groups": [],
                "self": false,
                "to_port": 0
              }
            ],
            "id": "sg-0d739cd1d5e6cda80",
            "ingress": [
              {
                "cidr_blocks": [
                  "0.0.0.0/0"
                ],
                "description": "",
                "from_port": 3306,
                "ipv6_cidr_blocks": [],
                "prefix_list_ids": [],
                "protocol": "tcp",
                "security_groups": [],
                "self": false,
                "to_port": 3306
              }
            ],
            "name": "dev-pet-clinic-rds-sg",
            "name_prefix": "",
            "owner_id": "637423220354",
            "revoke_rules_on_delete": false,
            "tags": {
              "Application": "pet-clinic",
              "CostCenter": "project-autodeploy-cost",
              "Environment": "dev",
              "Name": "dev-pet-clinic-rds-sg",
              "Owner": "praveen"
            },
            "tags_all": {
              "Application": "pet-clinic",
              "CostCenter": "project-autodeploy-cost",
              "Environment": "dev",
              "Name": "dev-pet-clinic-rds-sg",
              "Owner": "praveen"
            },
            "timeouts": null,
            "vpc_id": "vpc-0eaa7a619670a1d8c"
          },
          "sensitive_attributes": [],
          "private": "eyJlMmJmYjczMC1lY2FhLTExZTYtOGY4OC0zNDM2M2JjN2M0YzAiOnsiY3JlYXRlIjo2MDAwMDAwMDAwMDAsImRlbGV0ZSI6OTAwMDAwMDAwMDAwfSwic2NoZW1hX3ZlcnNpb24iOiIxIn0="
        }
      ]
    }
  ],
  "check_results": null
}
